<?xml version="1.0" encoding="utf-8"?>
<Project ToolsVersion="4.0" xmlns="http://schemas.microsoft.com/developer/msbuild/2003">
  <ItemGroup>
    <ClCompile Include="Main.cpp" />
    <ClInclude Include="stdafx.h" />
    <ClCompile Include="stdafx.cpp" />
    <ClInclude Include="VolumetricAnimation.h" />
    <ClCompile Include="VolumetricAnimation.cpp" />
    <CustomBuild Include="D3DX_DXGIFormatConvert.inl" />
    <ClCompile Include="DenseVolume.cpp">
      <Filter>DenseVolume</Filter>
    </ClCompile>
    <ClCompile Include="SparseVolume.cpp">
      <Filter>SparseVolume</Filter>
    </ClCompile>
    <ClInclude Include="DenseVolume.h">
      <Filter>DenseVolume</Filter>
    </ClInclude>
    <ClInclude Include="SparseVolume.h">
      <Filter>SparseVolume</Filter>
    </ClInclude>
    <CustomBuild Include="DenseVolume.hlsl">
      <Filter>DenseVolume</Filter>
    </CustomBuild>
    <CustomBuild Include="DenseVolume_SharedHeader.inl">
      <Filter>DenseVolume</Filter>
    </CustomBuild>
    <CustomBuild Include="SparseVolume_vs.hlsl">
      <Filter>SparseVolume</Filter>
    </CustomBuild>
    <CustomBuild Include="SparseVolume_ps.hlsl">
      <Filter>SparseVolume</Filter>
    </CustomBuild>
    <CustomBuild Include="SparseVolume_cs.hlsl">
      <Filter>SparseVolume</Filter>
    </CustomBuild>
    <CustomBuild Include="SparseVolume.ihlsl">
      <Filter>SparseVolume</Filter>
    </CustomBuild>
    <CustomBuild Include="SparseVolume.inl">
      <Filter>SparseVolume</Filter>
    </CustomBuild>
  </ItemGroup>
  <ItemGroup>
    <Filter Include="DenseVolume">
      <UniqueIdentifier>{f529ee05-4813-4543-9af5-dd32b1c7ba6e}</UniqueIdentifier>
    </Filter>
    <Filter Include="SparseVolume">
      <UniqueIdentifier>{33f3ad9f-811e-4403-84f3-18cac2e8f3ab}</UniqueIdentifier>
    </Filter>
  </ItemGroup>
</Project>